
Microsoft Visual Studio Solution File, Format Version 12.00
# Visual Studio Version 16
VisualStudioVersion = 16.0.32106.194
MinimumVisualStudioVersion = 10.0.40219.1
Project("{9A19103F-16F7-4668-BE54-9A1E7A4F7556}") = "WebApi", "WebApi\WebApi.csproj", "{C2E2DAED-E306-4933-88AF-71F806B2D832}"
EndProject
Project("{9A19103F-16F7-4668-BE54-9A1E7A4F7556}") = "Identity.Api", "Identity.Api\Identity.Api.csproj", "{367AECE2-E828-4337-9B68-9A196646E144}"
EndProject
Project("{FAE04EC0-301F-11D3-BF4B-00C04F79EFBC}") = "WebApi.Tests", "WebApi.Tests\WebApi.Tests.csproj", "{F7C1B8C7-0961-4A7D-8B33-33C52ECB437C}"
EndProject
Global
	GlobalSection(SolutionConfigurationPlatforms) = preSolution
		Debug|Any CPU = Debug|Any CPU
		Release|Any CPU = Release|Any CPU
	EndGlobalSection
	GlobalSection(ProjectConfigurationPlatforms) = postSolution
		{C2E2DAED-E306-4933-88AF-71F806B2D832}.Debug|Any CPU.ActiveCfg = Debug|Any CPU
		{C2E2DAED-E306-4933-88AF-71F806B2D832}.Debug|Any CPU.Build.0 = Debug|Any CPU
		{C2E2DAED-E306-4933-88AF-71F806B2D832}.Release|Any CPU.ActiveCfg = Release|Any CPU
		{C2E2DAED-E306-4933-88AF-71F806B2D832}.Release|Any CPU.Build.0 = Release|Any CPU
		{367AECE2-E828-4337-9B68-9A196646E144}.Debug|Any CPU.ActiveCfg = Debug|Any CPU
		{367AECE2-E828-4337-9B68-9A196646E144}.Debug|Any CPU.Build.0 = Debug|Any CPU
		{367AECE2-E828-4337-9B68-9A196646E144}.Release|Any CPU.ActiveCfg = Release|Any CPU
		{367AECE2-E828-4337-9B68-9A196646E144}.Release|Any CPU.Build.0 = Release|Any CPU
		{F7C1B8C7-0961-4A7D-8B33-33C52ECB437C}.Debug|Any CPU.ActiveCfg = Debug|Any CPU
		{F7C1B8C7-0961-4A7D-8B33-33C52ECB437C}.Debug|Any CPU.Build.0 = Debug|Any CPU
		{F7C1B8C7-0961-4A7D-8B33-33C52ECB437C}.Release|Any CPU.ActiveCfg = Release|Any CPU
		{F7C1B8C7-0961-4A7D-8B33-33C52ECB437C}.Release|Any CPU.Build.0 = Release|Any CPU
	EndGlobalSection
	GlobalSection(SolutionProperties) = preSolution
		HideSolutionNode = FALSE
	EndGlobalSection
	GlobalSection(ExtensibilityGlobals) = postSolution
		SolutionGuid = {19011106-7128-44D6-8646-7A4494C62C5C}
	EndGlobalSection
EndGlobal
